
Microsoft Visual Studio Solution File, Format Version 12.00
Project("{FAE04EC0-301F-11D3-BF4B-00C04F79EFBC}") = "OrderMaker.Models", "OrderMaker.Models\OrderMaker.Models.csproj", "{A5F07124-E08A-4CC6-A598-DAEA5F81AA1E}"
EndProject
Project("{FAE04EC0-301F-11D3-BF4B-00C04F79EFBC}") = "OrderMaker.Extensions", "OrderMaker.Extensions\OrderMaker.Extensions.csproj", "{06B652F3-778F-410D-831E-A328299F66EC}"
EndProject
Project("{FAE04EC0-301F-11D3-BF4B-00C04F79EFBC}") = "OrderMaker.Models.Tests", "OrderMaker.Models.Tests\OrderMaker.Models.Tests.csproj", "{ACC146BC-7424-4609-862A-A372CE8CA20B}"
EndProject
Project("{FAE04EC0-301F-11D3-BF4B-00C04F79EFBC}") = "OrderMaker.Converters", "OrderMaker.Converters\OrderMaker.Converters.csproj", "{EE12B414-1393-4B1E-9CB7-EC510C979AF1}"
EndProject
Project("{FAE04EC0-301F-11D3-BF4B-00C04F79EFBC}") = "OrderMaker.Converters.Tests", "OrderMaker.Converters.Tests\OrderMaker.Converters.Tests.csproj", "{54DF56F7-00A2-493E-A6B0-57F0E8E03912}"
EndProject
Project("{FAE04EC0-301F-11D3-BF4B-00C04F79EFBC}") = "OrderMaker.Extensions.Tests", "OrderMaker.Extensions.Tests\OrderMaker.Extensions.Tests.csproj", "{819E0990-8439-4F78-BBA0-C62471D8451E}"
EndProject
Global
	GlobalSection(SolutionConfigurationPlatforms) = preSolution
		Debug|Any CPU = Debug|Any CPU
		Release|Any CPU = Release|Any CPU
	EndGlobalSection
	GlobalSection(ProjectConfigurationPlatforms) = postSolution
		{A5F07124-E08A-4CC6-A598-DAEA5F81AA1E}.Debug|Any CPU.ActiveCfg = Debug|Any CPU
		{A5F07124-E08A-4CC6-A598-DAEA5F81AA1E}.Debug|Any CPU.Build.0 = Debug|Any CPU
		{A5F07124-E08A-4CC6-A598-DAEA5F81AA1E}.Release|Any CPU.ActiveCfg = Release|Any CPU
		{A5F07124-E08A-4CC6-A598-DAEA5F81AA1E}.Release|Any CPU.Build.0 = Release|Any CPU
		{06B652F3-778F-410D-831E-A328299F66EC}.Debug|Any CPU.ActiveCfg = Debug|Any CPU
		{06B652F3-778F-410D-831E-A328299F66EC}.Debug|Any CPU.Build.0 = Debug|Any CPU
		{06B652F3-778F-410D-831E-A328299F66EC}.Release|Any CPU.ActiveCfg = Release|Any CPU
		{06B652F3-778F-410D-831E-A328299F66EC}.Release|Any CPU.Build.0 = Release|Any CPU
		{ACC146BC-7424-4609-862A-A372CE8CA20B}.Debug|Any CPU.ActiveCfg = Debug|Any CPU
		{ACC146BC-7424-4609-862A-A372CE8CA20B}.Debug|Any CPU.Build.0 = Debug|Any CPU
		{ACC146BC-7424-4609-862A-A372CE8CA20B}.Release|Any CPU.ActiveCfg = Release|Any CPU
		{ACC146BC-7424-4609-862A-A372CE8CA20B}.Release|Any CPU.Build.0 = Release|Any CPU
		{EE12B414-1393-4B1E-9CB7-EC510C979AF1}.Debug|Any CPU.ActiveCfg = Debug|Any CPU
		{EE12B414-1393-4B1E-9CB7-EC510C979AF1}.Debug|Any CPU.Build.0 = Debug|Any CPU
		{EE12B414-1393-4B1E-9CB7-EC510C979AF1}.Release|Any CPU.ActiveCfg = Release|Any CPU
		{EE12B414-1393-4B1E-9CB7-EC510C979AF1}.Release|Any CPU.Build.0 = Release|Any CPU
		{54DF56F7-00A2-493E-A6B0-57F0E8E03912}.Debug|Any CPU.ActiveCfg = Debug|Any CPU
		{54DF56F7-00A2-493E-A6B0-57F0E8E03912}.Debug|Any CPU.Build.0 = Debug|Any CPU
		{54DF56F7-00A2-493E-A6B0-57F0E8E03912}.Release|Any CPU.ActiveCfg = Release|Any CPU
		{54DF56F7-00A2-493E-A6B0-57F0E8E03912}.Release|Any CPU.Build.0 = Release|Any CPU
		{819E0990-8439-4F78-BBA0-C62471D8451E}.Debug|Any CPU.ActiveCfg = Debug|Any CPU
		{819E0990-8439-4F78-BBA0-C62471D8451E}.Debug|Any CPU.Build.0 = Debug|Any CPU
		{819E0990-8439-4F78-BBA0-C62471D8451E}.Release|Any CPU.ActiveCfg = Release|Any CPU
		{819E0990-8439-4F78-BBA0-C62471D8451E}.Release|Any CPU.Build.0 = Release|Any CPU
	EndGlobalSection
EndGlobal
